
Microsoft Visual Studio Solution File, Format Version 12.00
# Visual Studio Version 16
VisualStudioVersion = 16.0.32802.440
MinimumVisualStudioVersion = 10.0.40219.1
Project("{FAE04EC0-301F-11D3-BF4B-00C04F79EFBC}") = "ProyectoI_Biblioteca", "ProyectoI_Libreria\ProyectoI_Biblioteca.csproj", "{9B0EA9F1-8A7A-4308-96D2-EE687EAA53F8}"
EndProject
Global
	GlobalSection(SolutionConfigurationPlatforms) = preSolution
		Debug|Any CPU = Debug|Any CPU
		Release|Any CPU = Release|Any CPU
	EndGlobalSection
	GlobalSection(ProjectConfigurationPlatforms) = postSolution
		{9B0EA9F1-8A7A-4308-96D2-EE687EAA53F8}.Debug|Any CPU.ActiveCfg = Debug|Any CPU
		{9B0EA9F1-8A7A-4308-96D2-EE687EAA53F8}.Debug|Any CPU.Build.0 = Debug|Any CPU
		{9B0EA9F1-8A7A-4308-96D2-EE687EAA53F8}.Release|Any CPU.ActiveCfg = Release|Any CPU
		{9B0EA9F1-8A7A-4308-96D2-EE687EAA53F8}.Release|Any CPU.Build.0 = Release|Any CPU
	EndGlobalSection
	GlobalSection(SolutionProperties) = preSolution
		HideSolutionNode = FALSE
	EndGlobalSection
	GlobalSection(ExtensibilityGlobals) = postSolution
		SolutionGuid = {FAE24304-D5C5-4F4C-B241-16A9EE538436}
	EndGlobalSection
EndGlobal
